
Microsoft Visual Studio Solution File, Format Version 12.00
# Visual Studio Version 17
VisualStudioVersion = 17.4.33213.308
MinimumVisualStudioVersion = 10.0.40219.1
Project("{FAE04EC0-301F-11D3-BF4B-00C04F79EFBC}") = "Sportka", "Sportka.csproj", "{CCC79FC6-7FA4-409F-A7C2-331E569222EE}"
EndProject
Global
	GlobalSection(SolutionConfigurationPlatforms) = preSolution
		Debug|Any CPU = Debug|Any CPU
		Release|Any CPU = Release|Any CPU
	EndGlobalSection
	GlobalSection(ProjectConfigurationPlatforms) = postSolution
		{CCC79FC6-7FA4-409F-A7C2-331E569222EE}.Debug|Any CPU.ActiveCfg = Debug|Any CPU
		{CCC79FC6-7FA4-409F-A7C2-331E569222EE}.Debug|Any CPU.Build.0 = Debug|Any CPU
		{CCC79FC6-7FA4-409F-A7C2-331E569222EE}.Release|Any CPU.ActiveCfg = Release|Any CPU
		{CCC79FC6-7FA4-409F-A7C2-331E569222EE}.Release|Any CPU.Build.0 = Release|Any CPU
	EndGlobalSection
	GlobalSection(SolutionProperties) = preSolution
		HideSolutionNode = FALSE
	EndGlobalSection
	GlobalSection(ExtensibilityGlobals) = postSolution
		SolutionGuid = {E2E87059-3C59-4C00-85D4-773AAF2B3EE3}
	EndGlobalSection
EndGlobal
